{
  "name": "webxrgames",
  "version": "0.0.1",
  "lockfileVersion": 2,
  "requires": true,
  "packages": {
    "": {
      "name": "webxrgames",
      "version": "0.0.1",
      "license": "ISC",
      "dependencies": {
        "@babylonjs/core": "^5.0.0-beta.4",
        "@babylonjs/loaders": "^5.0.0-beta.4",
        "@babylonjs/materials": "^5.0.0-beta.4",
        "esbuild": "^0.14.8",
        "typescript": "^4.5.4"
      },
      "devDependencies": {
        "@babylonjs/inspector": "^5.0.0-beta.4"
      }
    },
    "node_modules/@babylonjs/core": {
      "version": "5.0.0-beta.4",
      "resolved": "https://registry.npmjs.org/@babylonjs/core/-/core-5.0.0-beta.4.tgz",
      "integrity": "sha512-to5IVdbJP+9eOwhKTgYCVe3N7I8ofzCILXrfHNqu9G+mZ127+5axtvxmUOYe8NmgtFr4/UpOTCDMIsJwdtlyMA==",
      "dependencies": {
        "tslib": "^2.3.1"
      },
      "engines": {
        "node": ">=12.x"
      }
    },
    "node_modules/@babylonjs/gui": {
      "version": "5.0.0-beta.4",
      "resolved": "https://registry.npmjs.org/@babylonjs/gui/-/gui-5.0.0-beta.4.tgz",
      "integrity": "sha512-zmiJiTPjfQP1d/++XRB/QKn7pAMUU+dcc9s3d/SUBJ6+3OfHpGsrV9lsNGHEImNykJw97LM804iHI9KSCL53QQ==",
      "dev": true,
      "dependencies": {
        "@babylonjs/core": "5.0.0-beta.4",
        "tslib": "^2.3.1"
      },
      "engines": {
        "node": "*"
      }
    },
    "node_modules/@babylonjs/inspector": {
      "version": "5.0.0-beta.4",
      "resolved": "https://registry.npmjs.org/@babylonjs/inspector/-/inspector-5.0.0-beta.4.tgz",
      "integrity": "sha512-F2UTM99tem2l8kpUEyUSwT5Tq2Nb1346r8Sn2/3LZh9zWVkwHEO6+I8UVYFjvHkGQQAfbvwISDEK1CoSnvCRmg==",
      "dev": true,
      "dependencies": {
        "@babylonjs/core": "5.0.0-beta.4",
        "@babylonjs/gui": "5.0.0-beta.4",
        "@babylonjs/loaders": "5.0.0-beta.4",
        "@babylonjs/materials": "5.0.0-beta.4",
        "@babylonjs/serializers": "5.0.0-beta.4",
        "babylonjs-gltf2interface": "5.0.0-beta.4",
        "tslib": "^2.3.1"
      },
      "engines": {
        "node": "*"
      },
      "peerDependencies": {
        "@types/react": ">=16.7.3",
        "@types/react-dom": ">=16.0.9"
      }
    },
    "node_modules/@babylonjs/loaders": {
      "version": "5.0.0-beta.4",
      "resolved": "https://registry.npmjs.org/@babylonjs/loaders/-/loaders-5.0.0-beta.4.tgz",
      "integrity": "sha512-R8kOxKnP76l+d/Ml5sTPU/OC/Lkgk6IFIgLSfRL8zd7WMvU42xmtOlW/AUGxY/OEMAeS+7JRibCpk/WEwJDfUw==",
      "dependencies": {
        "@babylonjs/core": "5.0.0-beta.4",
        "babylonjs-gltf2interface": "5.0.0-beta.4",
        "tslib": "^2.3.1"
      },
      "engines": {
        "node": "*"
      }
    },
    "node_modules/@babylonjs/materials": {
      "version": "5.0.0-beta.4",
      "resolved": "https://registry.npmjs.org/@babylonjs/materials/-/materials-5.0.0-beta.4.tgz",
      "integrity": "sha512-pluYjMjB7ket2usT74U3PWnXR7cq5plEoc0apVHj3px7D4rN3E+5tz6g5RorYuuY9f8hmRdW02WP5kyNN0kBww==",
      "dependencies": {
        "@babylonjs/core": "5.0.0-beta.4",
        "tslib": "^2.3.1"
      },
      "engines": {
        "node": "*"
      }
    },
    "node_modules/@babylonjs/serializers": {
      "version": "5.0.0-beta.4",
      "resolved": "https://registry.npmjs.org/@babylonjs/serializers/-/serializers-5.0.0-beta.4.tgz",
      "integrity": "sha512-YkBSDxbmjfgZUPGc9lne7ScNk1Xaa19Xbphk4rrNqgJ5nX6O13l2z/iI7yhBOCMFd0Rl9v/lAURnDzVu7gIE4A==",
      "dev": true,
      "dependencies": {
        "@babylonjs/core": "5.0.0-beta.4",
        "babylonjs-gltf2interface": "5.0.0-beta.4",
        "tslib": "^2.3.1"
      },
      "engines": {
        "node": "*"
      }
    },
    "node_modules/@types/prop-types": {
      "version": "15.7.4",
      "resolved": "https://registry.npmjs.org/@types/prop-types/-/prop-types-15.7.4.tgz",
      "integrity": "sha512-rZ5drC/jWjrArrS8BR6SIr4cWpW09RNTYt9AMZo3Jwwif+iacXAqgVjm0B0Bv/S1jhDXKHqRVNCbACkJ89RAnQ==",
      "dev": true,
      "peer": true
    },
    "node_modules/@types/react": {
      "version": "17.0.38",
      "resolved": "https://registry.npmjs.org/@types/react/-/react-17.0.38.tgz",
      "integrity": "sha512-SI92X1IA+FMnP3qM5m4QReluXzhcmovhZnLNm3pyeQlooi02qI7sLiepEYqT678uNiyc25XfCqxREFpy3W7YhQ==",
      "dev": true,
      "peer": true,
      "dependencies": {
        "@types/prop-types": "*",
        "@types/scheduler": "*",
        "csstype": "^3.0.2"
      }
    },
    "node_modules/@types/react-dom": {
      "version": "17.0.11",
      "resolved": "https://registry.npmjs.org/@types/react-dom/-/react-dom-17.0.11.tgz",
      "integrity": "sha512-f96K3k+24RaLGVu/Y2Ng3e1EbZ8/cVJvypZWd7cy0ofCBaf2lcM46xNhycMZ2xGwbBjRql7hOlZ+e2WlJ5MH3Q==",
      "dev": true,
      "peer": true,
      "dependencies": {
        "@types/react": "*"
      }
    },
    "node_modules/@types/scheduler": {
      "version": "0.16.2",
      "resolved": "https://registry.npmjs.org/@types/scheduler/-/scheduler-0.16.2.tgz",
      "integrity": "sha512-hppQEBDmlwhFAXKJX2KnWLYu5yMfi91yazPb2l+lbJiwW+wdo1gNeRA+3RgNSO39WYX2euey41KEwnqesU2Jew==",
      "dev": true,
      "peer": true
    },
    "node_modules/babylonjs-gltf2interface": {
      "version": "5.0.0-beta.4",
      "resolved": "https://registry.npmjs.org/babylonjs-gltf2interface/-/babylonjs-gltf2interface-5.0.0-beta.4.tgz",
      "integrity": "sha512-Tr9/oKeyhT0xkIDvxVwgMTP6EnKXb8EJ9E3JoOi7Q/qQVuD5MSyhwSbj9yF8J4m1eDyvXP9Uj2+8xwd981FQHA==",
      "engines": {
        "node": "*"
      }
    },
    "node_modules/csstype": {
      "version": "3.0.10",
      "resolved": "https://registry.npmjs.org/csstype/-/csstype-3.0.10.tgz",
      "integrity": "sha512-2u44ZG2OcNUO9HDp/Jl8C07x6pU/eTR3ncV91SiK3dhG9TWvRVsCoJw14Ckx5DgWkzGA3waZWO3d7pgqpUI/XA==",
      "dev": true,
      "peer": true
    },
    "node_modules/esbuild": {
      "version": "0.14.13",
      "resolved": "https://registry.npmjs.org/esbuild/-/esbuild-0.14.13.tgz",
      "integrity": "sha512-FIxvAdj3i2oHA6ex+E67bG7zlSTO+slt8kU2ogHDgGtrQLy2HNChv3PYjiFTYkt8hZbEAniZCXVeHn+FrHt7dA==",
      "hasInstallScript": true,
      "bin": {
        "esbuild": "bin/esbuild"
      },
      "optionalDependencies": {
        "esbuild-android-arm64": "0.14.13",
        "esbuild-darwin-64": "0.14.13",
        "esbuild-darwin-arm64": "0.14.13",
        "esbuild-freebsd-64": "0.14.13",
        "esbuild-freebsd-arm64": "0.14.13",
        "esbuild-linux-32": "0.14.13",
        "esbuild-linux-64": "0.14.13",
        "esbuild-linux-arm": "0.14.13",
        "esbuild-linux-arm64": "0.14.13",
        "esbuild-linux-mips64le": "0.14.13",
        "esbuild-linux-ppc64le": "0.14.13",
        "esbuild-linux-s390x": "0.14.13",
        "esbuild-netbsd-64": "0.14.13",
        "esbuild-openbsd-64": "0.14.13",
        "esbuild-sunos-64": "0.14.13",
        "esbuild-windows-32": "0.14.13",
        "esbuild-windows-64": "0.14.13",
        "esbuild-windows-arm64": "0.14.13"
      }
    },
    "node_modules/esbuild-android-arm64": {
      "version": "0.14.13",
      "resolved": "https://registry.npmjs.org/esbuild-android-arm64/-/esbuild-android-arm64-0.14.13.tgz",
      "integrity": "sha512-rhtwl+KJ3BzzXkK09N3/YbEF1i5WhriysJEStoeWNBzchx9hlmzyWmDGQQhu56HF78ua3JrVPyLOsdLGvtMvxQ==",
      "cpu": [
        "arm64"
      ],
      "optional": true,
      "os": [
        "android"
      ]
    },
    "node_modules/esbuild-darwin-64": {
      "version": "0.14.13",
      "resolved": "https://registry.npmjs.org/esbuild-darwin-64/-/esbuild-darwin-64-0.14.13.tgz",
      "integrity": "sha512-Fl47xIt5RMu50WIgMU93kwmUUJb+BPuL8R895n/aBNQqavS+KUMpLPoqKGABBV4myfx/fnAD/97X8Gt1C1YW6w==",
      "cpu": [
        "x64"
      ],
      "optional": true,
      "os": [
        "darwin"
      ]
    },
    "node_modules/esbuild-darwin-arm64": {
      "version": "0.14.13",
      "resolved": "https://registry.npmjs.org/esbuild-darwin-arm64/-/esbuild-darwin-arm64-0.14.13.tgz",
      "integrity": "sha512-UttqKRFXsWvuivcyAbFmo54vdkC9Me1ZYQNuoz/uBYDbkb2MgqKYG2+xoVKPBhLvhT0CKM5QGKD81flMH5BE6A==",
      "cpu": [
        "arm64"
      ],
      "optional": true,
      "os": [
        "darwin"
      ]
    },
    "node_modules/esbuild-freebsd-64": {
      "version": "0.14.13",
      "resolved": "https://registry.npmjs.org/esbuild-freebsd-64/-/esbuild-freebsd-64-0.14.13.tgz",
      "integrity": "sha512-dlIhPFSp29Yq2TPh7Cm3/4M0uKjlfvOylHVNCRvRNiOvDbBol6/NZ3kLisczms+Yra0rxVapBPN1oMbSMuts9g==",
      "cpu": [
        "x64"
      ],
      "optional": true,
      "os": [
        "freebsd"
      ]
    },
    "node_modules/esbuild-freebsd-arm64": {
      "version": "0.14.13",
      "resolved": "https://registry.npmjs.org/esbuild-freebsd-arm64/-/esbuild-freebsd-arm64-0.14.13.tgz",
      "integrity": "sha512-bNOHLu7Oq6RwaAMnwPbJ40DVGPl9GlAOnfH/dFZ792f8hFEbopkbtVzo1SU1jjfY3TGLWOgqHNWxPxx1N7Au+g==",
      "cpu": [
        "arm64"
      ],
      "optional": true,
      "os": [
        "freebsd"
      ]
    },
    "node_modules/esbuild-linux-32": {
      "version": "0.14.13",
      "resolved": "https://registry.npmjs.org/esbuild-linux-32/-/esbuild-linux-32-0.14.13.tgz",
      "integrity": "sha512-WzXyBx6zx16adGi7wPBvH2lRCBzYMcqnBRrJ8ciLIqYyruGvprZocX1nFWfiexjLcFxIElWnMNPX6LG7ULqyXA==",
      "cpu": [
        "ia32"
      ],
      "optional": true,
      "os": [
        "linux"
      ]
    },
    "node_modules/esbuild-linux-64": {
      "version": "0.14.13",
      "resolved": "https://registry.npmjs.org/esbuild-linux-64/-/esbuild-linux-64-0.14.13.tgz",
      "integrity": "sha512-P6OFAfcoUvE7g9h/0UKm3qagvTovwqpCF1wbFLWe/BcCY8BS1bR/+SxUjCeKX2BcpIsg4/43ezHDE/ntg/iOpw==",
      "cpu": [
        "x64"
      ],
      "optional": true,
      "os": [
        "linux"
      ]
    },
    "node_modules/esbuild-linux-arm": {
      "version": "0.14.13",
      "resolved": "https://registry.npmjs.org/esbuild-linux-arm/-/esbuild-linux-arm-0.14.13.tgz",
      "integrity": "sha512-4jmm0UySCg3Wi6FEBS7jpiPb1IyckI5um5kzYRwulHxPzkiokd6cgpcsTakR4/Y84UEicS8LnFAghHhXHZhbFg==",
      "cpu": [
        "arm"
      ],
      "optional": true,
      "os": [
        "linux"
      ]
    },
    "node_modules/esbuild-linux-arm64": {
      "version": "0.14.13",
      "resolved": "https://registry.npmjs.org/esbuild-linux-arm64/-/esbuild-linux-arm64-0.14.13.tgz",
      "integrity": "sha512-k/uIvmkm4mc7vyMvJVwILgGxi2F+FuvLdmESIIWoHrnxEfEekC5AWpI/R6GQ2OMfp8snebSQLs8KL05QPnt1zA==",
      "cpu": [
        "arm64"
      ],
      "optional": true,
      "os": [
        "linux"
      ]
    },
    "node_modules/esbuild-linux-mips64le": {
      "version": "0.14.13",
      "resolved": "https://registry.npmjs.org/esbuild-linux-mips64le/-/esbuild-linux-mips64le-0.14.13.tgz",
      "integrity": "sha512-vwYtgjQ1TRlUGL88km9wH9TjXsdZyZ/Xht1ASptg5XGRlqGquVjLGH11PfLLunoMdkQ0YTXR68b4l5gRfjVbyg==",
      "cpu": [
        "mips64el"
      ],
      "optional": true,
      "os": [
        "linux"
      ]
    },
    "node_modules/esbuild-linux-ppc64le": {
      "version": "0.14.13",
      "resolved": "https://registry.npmjs.org/esbuild-linux-ppc64le/-/esbuild-linux-ppc64le-0.14.13.tgz",
      "integrity": "sha512-0KqDSIkZaYugtcdpFCd3eQ38Fg6TzhxmOpkhDIKNTwD/W2RoXeiS+Z4y5yQ3oysb/ySDOxWkwNqTdXS4sz2LdQ==",
      "cpu": [
        "ppc64"
      ],
      "optional": true,
      "os": [
        "linux"
      ]
    },
    "node_modules/esbuild-linux-s390x": {
      "version": "0.14.13",
      "resolved": "https://registry.npmjs.org/esbuild-linux-s390x/-/esbuild-linux-s390x-0.14.13.tgz",
      "integrity": "sha512-bG20i7d0CN97fwPN9LaLe64E2IrI0fPZWEcoiff9hzzsvo/fQCx0YjMbPC2T3gqQ48QZRltdU9hQilTjHk3geQ==",
      "cpu": [
        "s390x"
      ],
      "optional": true,
      "os": [
        "linux"
      ]
    },
    "node_modules/esbuild-netbsd-64": {
      "version": "0.14.13",
      "resolved": "https://registry.npmjs.org/esbuild-netbsd-64/-/esbuild-netbsd-64-0.14.13.tgz",
      "integrity": "sha512-jz96PQb0ltqyqLggPpcRbWxzLvWHvrZBHZQyjcOzKRDqg1fR/R1y10b1Cuv84xoIbdAf+ceNUJkMN21FfR9G2g==",
      "cpu": [
        "x64"
      ],
      "optional": true,
      "os": [
        "netbsd"
      ]
    },
    "node_modules/esbuild-openbsd-64": {
      "version": "0.14.13",
      "resolved": "https://registry.npmjs.org/esbuild-openbsd-64/-/esbuild-openbsd-64-0.14.13.tgz",
      "integrity": "sha512-bp6zSo3kDCXKPM5MmVUg6DEpt+yXDx37iDGzNTn3Kf9xh6d0cdITxUC4Bx6S3Di79GVYubWs+wNjSRVFIJpryw==",
      "cpu": [
        "x64"
      ],
      "optional": true,
      "os": [
        "openbsd"
      ]
    },
    "node_modules/esbuild-sunos-64": {
      "version": "0.14.13",
      "resolved": "https://registry.npmjs.org/esbuild-sunos-64/-/esbuild-sunos-64-0.14.13.tgz",
      "integrity": "sha512-08Fne1T9QHYxUnu55sV9V4i/yECADOaI1zMGET2YUa8SRkib10i80hc89U7U/G02DxpN/KUJMWEGq2wKTn0QFQ==",
      "cpu": [
        "x64"
      ],
      "optional": true,
      "os": [
        "sunos"
      ]
    },
    "node_modules/esbuild-windows-32": {
      "version": "0.14.13",
      "resolved": "https://registry.npmjs.org/esbuild-windows-32/-/esbuild-windows-32-0.14.13.tgz",
      "integrity": "sha512-MW3BMIi9+fzTyDdljH0ftfT/qlD3t+aVzle1O+zZ2MgHRMQD20JwWgyqoJXhe6uDVyunrAUbcjH3qTIEZN3isg==",
      "cpu": [
        "ia32"
      ],
      "optional": true,
      "os": [
        "win32"
      ]
    },
    "node_modules/esbuild-windows-64": {
      "version": "0.14.13",
      "resolved": "https://registry.npmjs.org/esbuild-windows-64/-/esbuild-windows-64-0.14.13.tgz",
      "integrity": "sha512-d7+0N+EOgBKdi/nMxlQ8QA5xHBlpcLtSrYnHsA+Xp4yZk28dYfRw1+embsHf5uN5/1iPvrJwPrcpgDH1xyy4JA==",
      "cpu": [
        "x64"
      ],
      "optional": true,
      "os": [
        "win32"
      ]
    },
    "node_modules/esbuild-windows-arm64": {
      "version": "0.14.13",
      "resolved": "https://registry.npmjs.org/esbuild-windows-arm64/-/esbuild-windows-arm64-0.14.13.tgz",
      "integrity": "sha512-oX5hmgXk9yNKbb5AxThzRQm/E9kiHyDll7JJeyeT1fuGENTifv33f0INCpjBQ+Ty5ChKc84++ZQTEBwLCA12Kw==",
      "cpu": [
        "arm64"
      ],
      "optional": true,
      "os": [
        "win32"
      ]
    },
    "node_modules/tslib": {
      "version": "2.3.1",
      "resolved": "https://registry.npmjs.org/tslib/-/tslib-2.3.1.tgz",
      "integrity": "sha512-77EbyPPpMz+FRFRuAFlWMtmgUWGe9UOG2Z25NqCwiIjRhOf5iKGuzSe5P2w1laq+FkRy4p+PCuVkJSGkzTEKVw=="
    },
    "node_modules/typescript": {
      "version": "4.5.5",
      "resolved": "https://registry.npmjs.org/typescript/-/typescript-4.5.5.tgz",
      "integrity": "sha512-TCTIul70LyWe6IJWT8QSYeA54WQe8EjQFU4wY52Fasj5UKx88LNYKCgBEHcOMOrFF1rKGbD8v/xcNWVUq9SymA==",
      "bin": {
        "tsc": "bin/tsc",
        "tsserver": "bin/tsserver"
      },
      "engines": {
        "node": ">=4.2.0"
      }
    }
  },
  "dependencies": {
    "@babylonjs/core": {
      "version": "5.0.0-beta.4",
      "resolved": "https://registry.npmjs.org/@babylonjs/core/-/core-5.0.0-beta.4.tgz",
      "integrity": "sha512-to5IVdbJP+9eOwhKTgYCVe3N7I8ofzCILXrfHNqu9G+mZ127+5axtvxmUOYe8NmgtFr4/UpOTCDMIsJwdtlyMA==",
      "requires": {
        "tslib": "^2.3.1"
      }
    },
    "@babylonjs/gui": {
      "version": "5.0.0-beta.4",
      "resolved": "https://registry.npmjs.org/@babylonjs/gui/-/gui-5.0.0-beta.4.tgz",
      "integrity": "sha512-zmiJiTPjfQP1d/++XRB/QKn7pAMUU+dcc9s3d/SUBJ6+3OfHpGsrV9lsNGHEImNykJw97LM804iHI9KSCL53QQ==",
      "dev": true,
      "requires": {
        "@babylonjs/core": "5.0.0-beta.4",
        "tslib": "^2.3.1"
      }
    },
    "@babylonjs/inspector": {
      "version": "5.0.0-beta.4",
      "resolved": "https://registry.npmjs.org/@babylonjs/inspector/-/inspector-5.0.0-beta.4.tgz",
      "integrity": "sha512-F2UTM99tem2l8kpUEyUSwT5Tq2Nb1346r8Sn2/3LZh9zWVkwHEO6+I8UVYFjvHkGQQAfbvwISDEK1CoSnvCRmg==",
      "dev": true,
      "requires": {
        "@babylonjs/core": "5.0.0-beta.4",
        "@babylonjs/gui": "5.0.0-beta.4",
        "@babylonjs/loaders": "5.0.0-beta.4",
        "@babylonjs/materials": "5.0.0-beta.4",
        "@babylonjs/serializers": "5.0.0-beta.4",
        "babylonjs-gltf2interface": "5.0.0-beta.4",
        "tslib": "^2.3.1"
      }
    },
    "@babylonjs/loaders": {
      "version": "5.0.0-beta.4",
      "resolved": "https://registry.npmjs.org/@babylonjs/loaders/-/loaders-5.0.0-beta.4.tgz",
      "integrity": "sha512-R8kOxKnP76l+d/Ml5sTPU/OC/Lkgk6IFIgLSfRL8zd7WMvU42xmtOlW/AUGxY/OEMAeS+7JRibCpk/WEwJDfUw==",
      "requires": {
        "@babylonjs/core": "5.0.0-beta.4",
        "babylonjs-gltf2interface": "5.0.0-beta.4",
        "tslib": "^2.3.1"
      }
    },
    "@babylonjs/materials": {
      "version": "5.0.0-beta.4",
      "resolved": "https://registry.npmjs.org/@babylonjs/materials/-/materials-5.0.0-beta.4.tgz",
      "integrity": "sha512-pluYjMjB7ket2usT74U3PWnXR7cq5plEoc0apVHj3px7D4rN3E+5tz6g5RorYuuY9f8hmRdW02WP5kyNN0kBww==",
      "requires": {
        "@babylonjs/core": "5.0.0-beta.4",
        "tslib": "^2.3.1"
      }
    },
    "@babylonjs/serializers": {
      "version": "5.0.0-beta.4",
      "resolved": "https://registry.npmjs.org/@babylonjs/serializers/-/serializers-5.0.0-beta.4.tgz",
      "integrity": "sha512-YkBSDxbmjfgZUPGc9lne7ScNk1Xaa19Xbphk4rrNqgJ5nX6O13l2z/iI7yhBOCMFd0Rl9v/lAURnDzVu7gIE4A==",
      "dev": true,
      "requires": {
        "@babylonjs/core": "5.0.0-beta.4",
        "babylonjs-gltf2interface": "5.0.0-beta.4",
        "tslib": "^2.3.1"
      }
    },
    "@types/prop-types": {
      "version": "15.7.4",
      "resolved": "https://registry.npmjs.org/@types/prop-types/-/prop-types-15.7.4.tgz",
      "integrity": "sha512-rZ5drC/jWjrArrS8BR6SIr4cWpW09RNTYt9AMZo3Jwwif+iacXAqgVjm0B0Bv/S1jhDXKHqRVNCbACkJ89RAnQ==",
      "dev": true,
      "peer": true
    },
    "@types/react": {
      "version": "17.0.38",
      "resolved": "https://registry.npmjs.org/@types/react/-/react-17.0.38.tgz",
      "integrity": "sha512-SI92X1IA+FMnP3qM5m4QReluXzhcmovhZnLNm3pyeQlooi02qI7sLiepEYqT678uNiyc25XfCqxREFpy3W7YhQ==",
      "dev": true,
      "peer": true,
      "requires": {
        "@types/prop-types": "*",
        "@types/scheduler": "*",
        "csstype": "^3.0.2"
      }
    },
    "@types/react-dom": {
      "version": "17.0.11",
      "resolved": "https://registry.npmjs.org/@types/react-dom/-/react-dom-17.0.11.tgz",
      "integrity": "sha512-f96K3k+24RaLGVu/Y2Ng3e1EbZ8/cVJvypZWd7cy0ofCBaf2lcM46xNhycMZ2xGwbBjRql7hOlZ+e2WlJ5MH3Q==",
      "dev": true,
      "peer": true,
      "requires": {
        "@types/react": "*"
      }
    },
    "@types/scheduler": {
      "version": "0.16.2",
      "resolved": "https://registry.npmjs.org/@types/scheduler/-/scheduler-0.16.2.tgz",
      "integrity": "sha512-hppQEBDmlwhFAXKJX2KnWLYu5yMfi91yazPb2l+lbJiwW+wdo1gNeRA+3RgNSO39WYX2euey41KEwnqesU2Jew==",
      "dev": true,
      "peer": true
    },
    "babylonjs-gltf2interface": {
      "version": "5.0.0-beta.4",
      "resolved": "https://registry.npmjs.org/babylonjs-gltf2interface/-/babylonjs-gltf2interface-5.0.0-beta.4.tgz",
      "integrity": "sha512-Tr9/oKeyhT0xkIDvxVwgMTP6EnKXb8EJ9E3JoOi7Q/qQVuD5MSyhwSbj9yF8J4m1eDyvXP9Uj2+8xwd981FQHA=="
    },
    "csstype": {
      "version": "3.0.10",
      "resolved": "https://registry.npmjs.org/csstype/-/csstype-3.0.10.tgz",
      "integrity": "sha512-2u44ZG2OcNUO9HDp/Jl8C07x6pU/eTR3ncV91SiK3dhG9TWvRVsCoJw14Ckx5DgWkzGA3waZWO3d7pgqpUI/XA==",
      "dev": true,
      "peer": true
    },
    "esbuild": {
      "version": "0.14.13",
      "resolved": "https://registry.npmjs.org/esbuild/-/esbuild-0.14.13.tgz",
      "integrity": "sha512-FIxvAdj3i2oHA6ex+E67bG7zlSTO+slt8kU2ogHDgGtrQLy2HNChv3PYjiFTYkt8hZbEAniZCXVeHn+FrHt7dA==",
      "requires": {
        "esbuild-android-arm64": "0.14.13",
        "esbuild-darwin-64": "0.14.13",
        "esbuild-darwin-arm64": "0.14.13",
        "esbuild-freebsd-64": "0.14.13",
        "esbuild-freebsd-arm64": "0.14.13",
        "esbuild-linux-32": "0.14.13",
        "esbuild-linux-64": "0.14.13",
        "esbuild-linux-arm": "0.14.13",
        "esbuild-linux-arm64": "0.14.13",
        "esbuild-linux-mips64le": "0.14.13",
        "esbuild-linux-ppc64le": "0.14.13",
        "esbuild-linux-s390x": "0.14.13",
        "esbuild-netbsd-64": "0.14.13",
        "esbuild-openbsd-64": "0.14.13",
        "esbuild-sunos-64": "0.14.13",
        "esbuild-windows-32": "0.14.13",
        "esbuild-windows-64": "0.14.13",
        "esbuild-windows-arm64": "0.14.13"
      }
    },
    "esbuild-android-arm64": {
      "version": "0.14.13",
      "resolved": "https://registry.npmjs.org/esbuild-android-arm64/-/esbuild-android-arm64-0.14.13.tgz",
      "integrity": "sha512-rhtwl+KJ3BzzXkK09N3/YbEF1i5WhriysJEStoeWNBzchx9hlmzyWmDGQQhu56HF78ua3JrVPyLOsdLGvtMvxQ==",
      "optional": true
    },
    "esbuild-darwin-64": {
      "version": "0.14.13",
      "resolved": "https://registry.npmjs.org/esbuild-darwin-64/-/esbuild-darwin-64-0.14.13.tgz",
      "integrity": "sha512-Fl47xIt5RMu50WIgMU93kwmUUJb+BPuL8R895n/aBNQqavS+KUMpLPoqKGABBV4myfx/fnAD/97X8Gt1C1YW6w==",
      "optional": true
    },
    "esbuild-darwin-arm64": {
      "version": "0.14.13",
      "resolved": "https://registry.npmjs.org/esbuild-darwin-arm64/-/esbuild-darwin-arm64-0.14.13.tgz",
      "integrity": "sha512-UttqKRFXsWvuivcyAbFmo54vdkC9Me1ZYQNuoz/uBYDbkb2MgqKYG2+xoVKPBhLvhT0CKM5QGKD81flMH5BE6A==",
      "optional": true
    },
    "esbuild-freebsd-64": {
      "version": "0.14.13",
      "resolved": "https://registry.npmjs.org/esbuild-freebsd-64/-/esbuild-freebsd-64-0.14.13.tgz",
      "integrity": "sha512-dlIhPFSp29Yq2TPh7Cm3/4M0uKjlfvOylHVNCRvRNiOvDbBol6/NZ3kLisczms+Yra0rxVapBPN1oMbSMuts9g==",
      "optional": true
    },
    "esbuild-freebsd-arm64": {
      "version": "0.14.13",
      "resolved": "https://registry.npmjs.org/esbuild-freebsd-arm64/-/esbuild-freebsd-arm64-0.14.13.tgz",
      "integrity": "sha512-bNOHLu7Oq6RwaAMnwPbJ40DVGPl9GlAOnfH/dFZ792f8hFEbopkbtVzo1SU1jjfY3TGLWOgqHNWxPxx1N7Au+g==",
      "optional": true
    },
    "esbuild-linux-32": {
      "version": "0.14.13",
      "resolved": "https://registry.npmjs.org/esbuild-linux-32/-/esbuild-linux-32-0.14.13.tgz",
      "integrity": "sha512-WzXyBx6zx16adGi7wPBvH2lRCBzYMcqnBRrJ8ciLIqYyruGvprZocX1nFWfiexjLcFxIElWnMNPX6LG7ULqyXA==",
      "optional": true
    },
    "esbuild-linux-64": {
      "version": "0.14.13",
      "resolved": "https://registry.npmjs.org/esbuild-linux-64/-/esbuild-linux-64-0.14.13.tgz",
      "integrity": "sha512-P6OFAfcoUvE7g9h/0UKm3qagvTovwqpCF1wbFLWe/BcCY8BS1bR/+SxUjCeKX2BcpIsg4/43ezHDE/ntg/iOpw==",
      "optional": true
    },
    "esbuild-linux-arm": {
      "version": "0.14.13",
      "resolved": "https://registry.npmjs.org/esbuild-linux-arm/-/esbuild-linux-arm-0.14.13.tgz",
      "integrity": "sha512-4jmm0UySCg3Wi6FEBS7jpiPb1IyckI5um5kzYRwulHxPzkiokd6cgpcsTakR4/Y84UEicS8LnFAghHhXHZhbFg==",
      "optional": true
    },
    "esbuild-linux-arm64": {
      "version": "0.14.13",
      "resolved": "https://registry.npmjs.org/esbuild-linux-arm64/-/esbuild-linux-arm64-0.14.13.tgz",
      "integrity": "sha512-k/uIvmkm4mc7vyMvJVwILgGxi2F+FuvLdmESIIWoHrnxEfEekC5AWpI/R6GQ2OMfp8snebSQLs8KL05QPnt1zA==",
      "optional": true
    },
    "esbuild-linux-mips64le": {
      "version": "0.14.13",
      "resolved": "https://registry.npmjs.org/esbuild-linux-mips64le/-/esbuild-linux-mips64le-0.14.13.tgz",
      "integrity": "sha512-vwYtgjQ1TRlUGL88km9wH9TjXsdZyZ/Xht1ASptg5XGRlqGquVjLGH11PfLLunoMdkQ0YTXR68b4l5gRfjVbyg==",
      "optional": true
    },
    "esbuild-linux-ppc64le": {
      "version": "0.14.13",
      "resolved": "https://registry.npmjs.org/esbuild-linux-ppc64le/-/esbuild-linux-ppc64le-0.14.13.tgz",
      "integrity": "sha512-0KqDSIkZaYugtcdpFCd3eQ38Fg6TzhxmOpkhDIKNTwD/W2RoXeiS+Z4y5yQ3oysb/ySDOxWkwNqTdXS4sz2LdQ==",
      "optional": true
    },
    "esbuild-linux-s390x": {
      "version": "0.14.13",
      "resolved": "https://registry.npmjs.org/esbuild-linux-s390x/-/esbuild-linux-s390x-0.14.13.tgz",
      "integrity": "sha512-bG20i7d0CN97fwPN9LaLe64E2IrI0fPZWEcoiff9hzzsvo/fQCx0YjMbPC2T3gqQ48QZRltdU9hQilTjHk3geQ==",
      "optional": true
    },
    "esbuild-netbsd-64": {
      "version": "0.14.13",
      "resolved": "https://registry.npmjs.org/esbuild-netbsd-64/-/esbuild-netbsd-64-0.14.13.tgz",
      "integrity": "sha512-jz96PQb0ltqyqLggPpcRbWxzLvWHvrZBHZQyjcOzKRDqg1fR/R1y10b1Cuv84xoIbdAf+ceNUJkMN21FfR9G2g==",
      "optional": true
    },
    "esbuild-openbsd-64": {
      "version": "0.14.13",
      "resolved": "https://registry.npmjs.org/esbuild-openbsd-64/-/esbuild-openbsd-64-0.14.13.tgz",
      "integrity": "sha512-bp6zSo3kDCXKPM5MmVUg6DEpt+yXDx37iDGzNTn3Kf9xh6d0cdITxUC4Bx6S3Di79GVYubWs+wNjSRVFIJpryw==",
      "optional": true
    },
    "esbuild-sunos-64": {
      "version": "0.14.13",
      "resolved": "https://registry.npmjs.org/esbuild-sunos-64/-/esbuild-sunos-64-0.14.13.tgz",
      "integrity": "sha512-08Fne1T9QHYxUnu55sV9V4i/yECADOaI1zMGET2YUa8SRkib10i80hc89U7U/G02DxpN/KUJMWEGq2wKTn0QFQ==",
      "optional": true
    },
    "esbuild-windows-32": {
      "version": "0.14.13",
      "resolved": "https://registry.npmjs.org/esbuild-windows-32/-/esbuild-windows-32-0.14.13.tgz",
      "integrity": "sha512-MW3BMIi9+fzTyDdljH0ftfT/qlD3t+aVzle1O+zZ2MgHRMQD20JwWgyqoJXhe6uDVyunrAUbcjH3qTIEZN3isg==",
      "optional": true
    },
    "esbuild-windows-64": {
      "version": "0.14.13",
      "resolved": "https://registry.npmjs.org/esbuild-windows-64/-/esbuild-windows-64-0.14.13.tgz",
      "integrity": "sha512-d7+0N+EOgBKdi/nMxlQ8QA5xHBlpcLtSrYnHsA+Xp4yZk28dYfRw1+embsHf5uN5/1iPvrJwPrcpgDH1xyy4JA==",
      "optional": true
    },
    "esbuild-windows-arm64": {
      "version": "0.14.13",
      "resolved": "https://registry.npmjs.org/esbuild-windows-arm64/-/esbuild-windows-arm64-0.14.13.tgz",
      "integrity": "sha512-oX5hmgXk9yNKbb5AxThzRQm/E9kiHyDll7JJeyeT1fuGENTifv33f0INCpjBQ+Ty5ChKc84++ZQTEBwLCA12Kw==",
      "optional": true
    },
    "tslib": {
      "version": "2.3.1",
      "resolved": "https://registry.npmjs.org/tslib/-/tslib-2.3.1.tgz",
      "integrity": "sha512-77EbyPPpMz+FRFRuAFlWMtmgUWGe9UOG2Z25NqCwiIjRhOf5iKGuzSe5P2w1laq+FkRy4p+PCuVkJSGkzTEKVw=="
    },
    "typescript": {
      "version": "4.5.5",
      "resolved": "https://registry.npmjs.org/typescript/-/typescript-4.5.5.tgz",
      "integrity": "sha512-TCTIul70LyWe6IJWT8QSYeA54WQe8EjQFU4wY52Fasj5UKx88LNYKCgBEHcOMOrFF1rKGbD8v/xcNWVUq9SymA=="
    }
  }
}
